version = 1
revision = 3
requires-python = ">=3.12"

[[package]]
name = "et-xmlfile"
version = "2.0.0"
source = { registry = "https://pypi.org/simple" }
sdist = { url = "https://files.pythonhosted.org/packages/d3/38/af70d7ab1ae9d4da450eeec1fa3918940a5fafb9055e934af8d6eb0c2313/et_xmlfile-2.0.0.tar.gz", hash = "sha256:dab3f4764309081ce75662649be815c4c9081e88f0837825f90fd28317d4da54", size = 17234, upload-time = "2024-10-25T17:25:40.039Z" }
wheels = [
    { url = "https://files.pythonhosted.org/packages/c1/8b/5fe2cc11fee489817272089c4203e679c63b570a5aaeb18d852ae3cbba6a/et_xmlfile-2.0.0-py3-none-any.whl", hash = "sha256:7a91720bc756843502c3b7504c77b8fe44217c85c537d85037f0f536151b2caa", size = 18059, upload-time = "2024-10-25T17:25:39.051Z" },
]

[[package]]
name = "openpyxl"
version = "3.1.5"
source = { registry = "https://pypi.org/simple" }
dependencies = [
    { name = "et-xmlfile" },
]
sdist = { url = "https://files.pythonhosted.org/packages/3d/f9/88d94a75de065ea32619465d2f77b29a0469500e99012523b91cc4141cd1/openpyxl-3.1.5.tar.gz", hash = "sha256:cf0e3cf56142039133628b5acffe8ef0c12bc902d2aadd3e0fe5878dc08d1050", size = 186464, upload-time = "2024-06-28T14:03:44.161Z" }
wheels = [
    { url = "https://files.pythonhosted.org/packages/c0/da/977ded879c29cbd04de313843e76868e6e13408a94ed6b987245dc7c8506/openpyxl-3.1.5-py2.py3-none-any.whl", hash = "sha256:5282c12b107bffeef825f4617dc029afaf41d0ea60823bbb665ef3079dc79de2", size = 250910, upload-time = "2024-06-28T14:03:41.161Z" },
]

[[package]]
name = "polars"
version = "1.40.0"
source = { registry = "https://pypi.org/simple" }
dependencies = [
    { name = "polars-runtime-32" },
]
sdist = { url = "https://files.pythonhosted.org/packages/d9/1b/eea7d6fe6daafc1d784cc0f76c729b28051837ccb2d51ae64a0a3f798142/polars-1.40.0.tar.gz", hash = "sha256:711dd50dcbc35ba42a2625fcadc2a1349e2e9abf48e35631bdabafb90d89874b", size = 732943, upload-time = "2026-04-18T05:25:26.077Z" }
wheels = [
    { url = "https://files.pythonhosted.org/packages/b4/ad/d5ed79269b7fe59a3dbbfbdbecbe1e59a0b56e38d36491e57d2bfb5846c1/polars-1.40.0-py3-none-any.whl", hash = "sha256:60b1d677ca363e2fc6fdea8c3d16c0653fd52cc37f0249e0f29d9536d5aa45ef", size = 828012, upload-time = "2026-04-18T05:23:39.055Z" },
]

[[package]]
name = "polars-runtime-32"
version = "1.40.0"
source = { registry = "https://pypi.org/simple" }
sdist = { url = "https://files.pythonhosted.org/packages/fb/b2/eae6c1b3d16c7a64ff382f557985ff939cce13455e8c9d056ab8e1e0fc87/polars_runtime_32-1.40.0.tar.gz", hash = "sha256:e31bff8bd37492c714e155e2e1429ac2d9ddf2dd6ec6474cc1cc70ac0b2bd6af", size = 2935285, upload-time = "2026-04-18T05:25:28.038Z" }
wheels = [
    { url = "https://files.pythonhosted.org/packages/b0/e4/2325689d2af4f9e70699ff98e8a2543707bebc34af78a5fe0e654107d9ed/polars_runtime_32-1.40.0-cp310-abi3-macosx_10_12_x86_64.whl", hash = "sha256:cab3ac7ff5bc9e0f4b3b146015569e9417cf0eaff8d3fb71004d73d67b6f09c7", size = 52092528, upload-time = "2026-04-18T05:23:42.341Z" },
    { url = "https://files.pythonhosted.org/packages/19/a6/82157b19c5c40b2c1ed0493b87b9eaf9b4863cdedca5575ee083488b45ba/polars_runtime_32-1.40.0-cp310-abi3-macosx_11_0_arm64.whl", hash = "sha256:d29624c75c4049253300786d00882fce620b3677ce495ebc4199292de8c2ba02", size = 46365073, upload-time = "2026-04-18T05:23:46.7Z" },
    { url = "https://files.pythonhosted.org/packages/85/b5/5c4f1f2545f56c664cc57bbdd1aa66fcfcb129aa137ed72cc81d58eb480f/polars_runtime_32-1.40.0-cp310-abi3-manylinux_2_17_aarch64.manylinux2014_aarch64.whl", hash = "sha256:a034dc0d8481fc1ca0456ab33e98e53a4c6d6cc6a2edb36246cc81c936b925dc", size = 50250561, upload-time = "2026-04-18T05:23:51.316Z" },
    { url = "https://files.pythonhosted.org/packages/8e/51/cb5eb75394f39c0ec14fddcc9b11adb707e1f28224a552ecbfa72d39b61b/polars_runtime_32-1.40.0-cp310-abi3-manylinux_2_17_x86_64.manylinux2014_x86_64.whl", hash = "sha256:70e78c2f13a54a9d92ae30d2625bda759173cc4867ad6a39f85f140058d899c6", size = 56243695, upload-time = "2026-04-18T05:23:55.932Z" },
    { url = "https://files.pythonhosted.org/packages/16/3a/be1437c0fbecbb07d81b151456089c3cf054eea5a791f849ed39b67611ca/polars_runtime_32-1.40.0-cp310-abi3-musllinux_1_2_aarch64.whl", hash = "sha256:1843272c0ef49f4a07435888f0059eca08ec16ab9880219c457195a081df0281", size = 50427843, upload-time = "2026-04-18T05:24:00.159Z" },
    { url = "https://files.pythonhosted.org/packages/be/c7/ea6449a2161816a13ed1d8aa02177d5a0594e011f0df5ddd2fad8e5bf20e/polars_runtime_32-1.40.0-cp310-abi3-musllinux_1_2_x86_64.whl", hash = "sha256:081237dba07f15d61fc151825f203165480e9503ebe72a474a8c99aa78021962", size = 54153077, upload-time = "2026-04-18T05:24:05.066Z" },
    { url = "https://files.pythonhosted.org/packages/aa/1a/0b239138afe8b80a1a0b4c95db3884e6afbbe82ec3318918ab03bc57f231/polars_runtime_32-1.40.0-cp310-abi3-win_amd64.whl", hash = "sha256:a916040e0b7f461ce987e4551fed9eea5914b4fbb5af907b1d9e80db71fadeb5", size = 51822748, upload-time = "2026-04-18T05:24:09.384Z" },
    { url = "https://files.pythonhosted.org/packages/06/ce/c16ef8fd3030b7342032b040fab21a42f6fee57e47ee7f41e2f1a1e36f01/polars_runtime_32-1.40.0-cp310-abi3-win_arm64.whl", hash = "sha256:719c64eecde24a95aa3599eb9c8efc98c1499bab7ef9c01cbbe8939cd583e654", size = 45819617, upload-time = "2026-04-18T05:24:13.214Z" },
]

[[package]]
name = "ruks-data"
version = "0.1.0"
source = { editable = "." }
dependencies = [
    { name = "openpyxl" },
    { name = "polars" },
]

[package.metadata]
requires-dist = [
    { name = "openpyxl", specifier = ">=3.1.5" },
    { name = "polars", specifier = ">=1.30.0" },
]
